
Microsoft Visual Studio Solution File, Format Version 12.00
# Visual Studio Version 17
VisualStudioVersion = 17.0.32014.148
MinimumVisualStudioVersion = 10.0.40219.1
Project("{FAE04EC0-301F-11D3-BF4B-00C04F79EFBC}") = "Finally", "Finally\Finally.csproj", "{01D44FF7-23E3-4F3E-BB4F-867023008175}"
EndProject
Global
	GlobalSection(SolutionConfigurationPlatforms) = preSolution
		Debug|Any CPU = Debug|Any CPU
		Release|Any CPU = Release|Any CPU
	EndGlobalSection
	GlobalSection(ProjectConfigurationPlatforms) = postSolution
		{01D44FF7-23E3-4F3E-BB4F-867023008175}.Debug|Any CPU.ActiveCfg = Debug|Any CPU
		{01D44FF7-23E3-4F3E-BB4F-867023008175}.Debug|Any CPU.Build.0 = Debug|Any CPU
		{01D44FF7-23E3-4F3E-BB4F-867023008175}.Release|Any CPU.ActiveCfg = Release|Any CPU
		{01D44FF7-23E3-4F3E-BB4F-867023008175}.Release|Any CPU.Build.0 = Release|Any CPU
	EndGlobalSection
	GlobalSection(SolutionProperties) = preSolution
		HideSolutionNode = FALSE
	EndGlobalSection
	GlobalSection(ExtensibilityGlobals) = postSolution
		SolutionGuid = {091DE828-FB42-495F-A462-5E419E22E480}
	EndGlobalSection
EndGlobal
